// !$*UTF8*$!
{
	archiveVersion = 1;
	classes = {
	};
	objectVersion = 46;
	objects = {

/* Begin PBXBuildFile section */
		982ABC831AB258FD0053B607 /* ImageLoaderController.swift in Sources */ = {isa = PBXBuildFile; fileRef = 982ABC821AB258FD0053B607 /* ImageLoaderController.swift */; };
		9858AD401AAFB671005E3583 /* AppDelegate.swift in Sources */ = {isa = PBXBuildFile; fileRef = 9858AD3F1AAFB671005E3583 /* AppDelegate.swift */; };
		9858AD421AAFB671005E3583 /* ViewController.swift in Sources */ = {isa = PBXBuildFile; fileRef = 9858AD411AAFB671005E3583 /* ViewController.swift */; };
		9858AD451AAFB671005E3583 /* Main.storyboard in Resources */ = {isa = PBXBuildFile; fileRef = 9858AD431AAFB671005E3583 /* Main.storyboard */; };
		9858AD471AAFB671005E3583 /* Images.xcassets in Resources */ = {isa = PBXBuildFile; fileRef = 9858AD461AAFB671005E3583 /* Images.xcassets */; };
		9858AD4A1AAFB671005E3583 /* LaunchScreen.xib in Resources */ = {isa = PBXBuildFile; fileRef = 9858AD481AAFB671005E3583 /* LaunchScreen.xib */; };
		9858AD561AAFB671005E3583 /* TableDemo02Tests.swift in Sources */ = {isa = PBXBuildFile; fileRef = 9858AD551AAFB671005E3583 /* TableDemo02Tests.swift */; };
/* End PBXBuildFile section */

/* Begin PBXContainerItemProxy section */
		9858AD501AAFB671005E3583 /* PBXContainerItemProxy */ = {
			isa = PBXContainerItemProxy;
			containerPortal = 9858AD321AAFB671005E3583 /* Project object */;
			proxyType = 1;
			remoteGlobalIDString = 9858AD391AAFB671005E3583;
			remoteInfo = TableDemo02;
		};
/* End PBXContainerItemProxy section */

/* Begin PBXFileReference section */
		982ABC821AB258FD0053B607 /* ImageLoaderController.swift */ = {isa = PBXFileReference; fileEncoding = 4; lastKnownFileType = sourcecode.swift; path = ImageLoaderController.swift; sourceTree = "<group>"; };
		9858AD3A1AAFB671005E3583 /* TableDemo02.app */ = {isa = PBXFileReference; explicitFileType = wrapper.application; includeInIndex = 0; path = TableDemo02.app; sourceTree = BUILT_PRODUCTS_DIR; };
		9858AD3E1AAFB671005E3583 /* Info.plist */ = {isa = PBXFileReference; lastKnownFileType = text.plist.xml; path = Info.plist; sourceTree = "<group>"; };
		9858AD3F1AAFB671005E3583 /* AppDelegate.swift */ = {isa = PBXFileReference; lastKnownFileType = sourcecode.swift; path = AppDelegate.swift; sourceTree = "<group>"; };
		9858AD411AAFB671005E3583 /* ViewController.swift */ = {isa = PBXFileReference; lastKnownFileType = sourcecode.swift; path = ViewController.swift; sourceTree = "<group>"; };
		9858AD441AAFB671005E3583 /* Base */ = {isa = PBXFileReference; lastKnownFileType = file.storyboard; name = Base; path = Base.lproj/Main.storyboard; sourceTree = "<group>"; };
		9858AD461AAFB671005E3583 /* Images.xcassets */ = {isa = PBXFileReference; lastKnownFileType = folder.assetcatalog; path = Images.xcassets; sourceTree = "<group>"; };
		9858AD491AAFB671005E3583 /* Base */ = {isa = PBXFileReference; lastKnownFileType = file.xib; name = Base; path = Base.lproj/LaunchScreen.xib; sourceTree = "<group>"; };
		9858AD4F1AAFB671005E3583 /* TableDemo02Tests.xctest */ = {isa = PBXFileReference; explicitFileType = wrapper.cfbundle; includeInIndex = 0; path = TableDemo02Tests.xctest; sourceTree = BUILT_PRODUCTS_DIR; };
		9858AD541AAFB671005E3583 /* Info.plist */ = {isa = PBXFileReference; lastKnownFileType = text.plist.xml; path = Info.plist; sourceTree = "<group>"; };
		9858AD551AAFB671005E3583 /* TableDemo02Tests.swift */ = {isa = PBXFileReference; lastKnownFileType = sourcecode.swift; path = TableDemo02Tests.swift; sourceTree = "<group>"; };
/* End PBXFileReference section */

/* Begin PBXFrameworksBuildPhase section */
		9858AD371AAFB671005E3583 /* Frameworks */ = {
			isa = PBXFrameworksBuildPhase;
			buildActionMask = 2147483647;
			files = (
			);
			runOnlyForDeploymentPostprocessing = 0;
		};
		9858AD4C1AAFB671005E3583 /* Frameworks */ = {
			isa = PBXFrameworksBuildPhase;
			buildActionMask = 2147483647;
			files = (
			);
			runOnlyForDeploymentPostprocessing = 0;
		};
/* End PBXFrameworksBuildPhase section */

/* Begin PBXGroup section */
		9858AD311AAFB671005E3583 = {
			isa = PBXGroup;
			children = (
				9858AD3C1AAFB671005E3583 /* TableDemo02 */,
				9858AD521AAFB671005E3583 /* TableDemo02Tests */,
				9858AD3B1AAFB671005E3583 /* Products */,
			);
			sourceTree = "<group>";
		};
		9858AD3B1AAFB671005E3583 /* Products */ = {
			isa = PBXGroup;
			children = (
				9858AD3A1AAFB671005E3583 /* TableDemo02.app */,
				9858AD4F1AAFB671005E3583 /* TableDemo02Tests.xctest */,
			);
			name = Products;
			sourceTree = "<group>";
		};
		9858AD3C1AAFB671005E3583 /* TableDemo02 */ = {
			isa = PBXGroup;
			children = (
				9858AD3F1AAFB671005E3583 /* AppDelegate.swift */,
				9858AD411AAFB671005E3583 /* ViewController.swift */,
				9858AD431AAFB671005E3583 /* Main.storyboard */,
				982ABC821AB258FD0053B607 /* ImageLoaderController.swift */,
				9858AD461AAFB671005E3583 /* Images.xcassets */,
				9858AD481AAFB671005E3583 /* LaunchScreen.xib */,
				9858AD3D1AAFB671005E3583 /* Supporting Files */,
			);
			path = TableDemo02;
			sourceTree = "<group>";
		};
		9858AD3D1AAFB671005E3583 /* Supporting Files */ = {
			isa = PBXGroup;
			children = (
				9858AD3E1AAFB671005E3583 /* Info.plist */,
			);
			name = "Supporting Files";
			sourceTree = "<group>";
		};
		9858AD521AAFB671005E3583 /* TableDemo02Tests */ = {
			isa = PBXGroup;
			children = (
				9858AD551AAFB671005E3583 /* TableDemo02Tests.swift */,
				9858AD531AAFB671005E3583 /* Supporting Files */,
			);
			path = TableDemo02Tests;
			sourceTree = "<group>";
		};
		9858AD531AAFB671005E3583 /* Supporting Files */ = {
			isa = PBXGroup;
			children = (
				9858AD541AAFB671005E3583 /* Info.plist */,
			);
			name = "Supporting Files";
			sourceTree = "<group>";
		};
/* End PBXGroup section */

/* Begin PBXNativeTarget section */
		9858AD391AAFB671005E3583 /* TableDemo02 */ = {
			isa = PBXNativeTarget;
			buildConfigurationList = 9858AD591AAFB671005E3583 /* Build configuration list for PBXNativeTarget "TableDemo02" */;
			buildPhases = (
				9858AD361AAFB671005E3583 /* Sources */,
				9858AD371AAFB671005E3583 /* Frameworks */,
				9858AD381AAFB671005E3583 /* Resources */,
			);
			buildRules = (
			);
			dependencies = (
			);
			name = TableDemo02;
			productName = TableDemo02;
			productReference = 9858AD3A1AAFB671005E3583 /* TableDemo02.app */;
			productType = "com.apple.product-type.application";
		};
		9858AD4E1AAFB671005E3583 /* TableDemo02Tests */ = {
			isa = PBXNativeTarget;
			buildConfigurationList = 9858AD5C1AAFB671005E3583 /* Build configuration list for PBXNativeTarget "TableDemo02Tests" */;
			buildPhases = (
				9858AD4B1AAFB671005E3583 /* Sources */,
				9858AD4C1AAFB671005E3583 /* Frameworks */,
				9858AD4D1AAFB671005E3583 /* Resources */,
			);
			buildRules = (
			);
			dependencies = (
				9858AD511AAFB671005E3583 /* PBXTargetDependency */,
			);
			name = TableDemo02Tests;
			productName = TableDemo02Tests;
			productReference = 9858AD4F1AAFB671005E3583 /* TableDemo02Tests.xctest */;
			productType = "com.apple.product-type.bundle.unit-test";
		};
/* End PBXNativeTarget section */

/* Begin PBXProject section */
		9858AD321AAFB671005E3583 /* Project object */ = {
			isa = PBXProject;
			attributes = {
				LastUpgradeCheck = 0610;
				ORGANIZATIONNAME = "Caitlin Osbahr";
				TargetAttributes = {
					9858AD391AAFB671005E3583 = {
						CreatedOnToolsVersion = 6.1.1;
					};
					9858AD4E1AAFB671005E3583 = {
						CreatedOnToolsVersion = 6.1.1;
						TestTargetID = 9858AD391AAFB671005E3583;
					};
				};
			};
			buildConfigurationList = 9858AD351AAFB671005E3583 /* Build configuration list for PBXProject "TableDemo02" */;
			compatibilityVersion = "Xcode 3.2";
			developmentRegion = English;
			hasScannedForEncodings = 0;
			knownRegions = (
				en,
				Base,
			);
			mainGroup = 9858AD311AAFB671005E3583;
			productRefGroup = 9858AD3B1AAFB671005E3583 /* Products */;
			projectDirPath = "";
			projectRoot = "";
			targets = (
				9858AD391AAFB671005E3583 /* TableDemo02 */,
				9858AD4E1AAFB671005E3583 /* TableDemo02Tests */,
			);
		};
/* End PBXProject section */

/* Begin PBXResourcesBuildPhase section */
		9858AD381AAFB671005E3583 /* Resources */ = {
			isa = PBXResourcesBuildPhase;
			buildActionMask = 2147483647;
			files = (
				9858AD451AAFB671005E3583 /* Main.storyboard in Resources */,
				9858AD4A1AAFB671005E3583 /* LaunchScreen.xib in Resources */,
				9858AD471AAFB671005E3583 /* Images.xcassets in Resources */,
			);
			runOnlyForDeploymentPostprocessing = 0;
		};
		9858AD4D1AAFB671005E3583 /* Resources */ = {
			isa = PBXResourcesBuildPhase;
			buildActionMask = 2147483647;
			files = (
			);
			runOnlyForDeploymentPostprocessing = 0;
		};
/* End PBXResourcesBuildPhase section */

/* Begin PBXSourcesBuildPhase section */
		9858AD361AAFB671005E3583 /* Sources */ = {
			isa = PBXSourcesBuildPhase;
			buildActionMask = 2147483647;
			files = (
				9858AD421AAFB671005E3583 /* ViewController.swift in Sources */,
				9858AD401AAFB671005E3583 /* AppDelegate.swift in Sources */,
				982ABC831AB258FD0053B607 /* ImageLoaderController.swift in Sources */,
			);
			runOnlyForDeploymentPostprocessing = 0;
		};
		9858AD4B1AAFB671005E3583 /* Sources */ = {
			isa = PBXSourcesBuildPhase;
			buildActionMask = 2147483647;
			files = (
				9858AD561AAFB671005E3583 /* TableDemo02Tests.swift in Sources */,
			);
			runOnlyForDeploymentPostprocessing = 0;
		};
/* End PBXSourcesBuildPhase section */

/* Begin PBXTargetDependency section */
		9858AD511AAFB671005E3583 /* PBXTargetDependency */ = {
			isa = PBXTargetDependency;
			target = 9858AD391AAFB671005E3583 /* TableDemo02 */;
			targetProxy = 9858AD501AAFB671005E3583 /* PBXContainerItemProxy */;
		};
/* End PBXTargetDependency section */

/* Begin PBXVariantGroup section */
		9858AD431AAFB671005E3583 /* Main.storyboard */ = {
			isa = PBXVariantGroup;
			children = (
				9858AD441AAFB671005E3583 /* Base */,
			);
			name = Main.storyboard;
			sourceTree = "<group>";
		};
		9858AD481AAFB671005E3583 /* LaunchScreen.xib */ = {
			isa = PBXVariantGroup;
			children = (
				9858AD491AAFB671005E3583 /* Base */,
			);
			name = LaunchScreen.xib;
			sourceTree = "<group>";
		};
/* End PBXVariantGroup section */

/* Begin XCBuildConfiguration section */
		9858AD571AAFB671005E3583 /* Debug */ = {
			isa = XCBuildConfiguration;
			buildSettings = {
				ALWAYS_SEARCH_USER_PATHS = NO;
				CLANG_CXX_LANGUAGE_STANDARD = "gnu++0x";
				CLANG_CXX_LIBRARY = "libc++";
				CLANG_ENABLE_MODULES = YES;
				CLANG_ENABLE_OBJC_ARC = YES;
				CLANG_WARN_BOOL_CONVERSION = YES;
				CLANG_WARN_CONSTANT_CONVERSION = YES;
				CLANG_WARN_DIRECT_OBJC_ISA_USAGE = YES_ERROR;
				CLANG_WARN_EMPTY_BODY = YES;
				CLANG_WARN_ENUM_CONVERSION = YES;
				CLANG_WARN_INT_CONVERSION = YES;
				CLANG_WARN_OBJC_ROOT_CLASS = YES_ERROR;
				CLANG_WARN_UNREACHABLE_CODE = YES;
				CLANG_WARN__DUPLICATE_METHOD_MATCH = YES;
				"CODE_SIGN_IDENTITY[sdk=iphoneos*]" = "iPhone Developer";
				COPY_PHASE_STRIP = NO;
				ENABLE_STRICT_OBJC_MSGSEND = YES;
				GCC_C_LANGUAGE_STANDARD = gnu99;
				GCC_DYNAMIC_NO_PIC = NO;
				GCC_OPTIMIZATION_LEVEL = 0;
				GCC_PREPROCESSOR_DEFINITIONS = (
					"DEBUG=1",
					"$(inherited)",
				);
				GCC_SYMBOLS_PRIVATE_EXTERN = NO;
				GCC_WARN_64_TO_32_BIT_CONVERSION = YES;
				GCC_WARN_ABOUT_RETURN_TYPE = YES_ERROR;
				GCC_WARN_UNDECLARED_SELECTOR = YES;
				GCC_WARN_UNINITIALIZED_AUTOS = YES_AGGRESSIVE;
				GCC_WARN_UNUSED_FUNCTION = YES;
				GCC_WARN_UNUSED_VARIABLE = YES;
				IPHONEOS_DEPLOYMENT_TARGET = 8.1;
				MTL_ENABLE_DEBUG_INFO = YES;
				ONLY_ACTIVE_ARCH = YES;
				SDKROOT = iphoneos;
				SWIFT_OPTIMIZATION_LEVEL = "-Onone";
				TARGETED_DEVICE_FAMILY = "1,2";
			};
			name = Debug;
		};
		9858AD581AAFB671005E3583 /* Release */ = {
			isa = XCBuildConfiguration;
			buildSettings = {
				ALWAYS_SEARCH_USER_PATHS = NO;
				CLANG_CXX_LANGUAGE_STANDARD = "gnu++0x";
				CLANG_CXX_LIBRARY = "libc++";
				CLANG_ENABLE_MODULES = YES;
				CLANG_ENABLE_OBJC_ARC = YES;
				CLANG_WARN_BOOL_CONVERSION = YES;
				CLANG_WARN_CONSTANT_CONVERSION = YES;
				CLANG_WARN_DIRECT_OBJC_ISA_USAGE = YES_ERROR;
				CLANG_WARN_EMPTY_BODY = YES;
				CLANG_WARN_ENUM_CONVERSION = YES;
				CLANG_WARN_INT_CONVERSION = YES;
				CLANG_WARN_OBJC_ROOT_CLASS = YES_ERROR;
				CLANG_WARN_UNREACHABLE_CODE = YES;
				CLANG_WARN__DUPLICATE_METHOD_MATCH = YES;
				"CODE_SIGN_IDENTITY[sdk=iphoneos*]" = "iPhone Developer";
				COPY_PHASE_STRIP = YES;
				ENABLE_NS_ASSERTIONS = NO;
				ENABLE_STRICT_OBJC_MSGSEND = YES;
				GCC_C_LANGUAGE_STANDARD = gnu99;
				GCC_WARN_64_TO_32_BIT_CONVERSION = YES;
				GCC_WARN_ABOUT_RETURN_TYPE = YES_ERROR;
				GCC_WARN_UNDECLARED_SELECTOR = YES;
				GCC_WARN_UNINITIALIZED_AUTOS = YES_AGGRESSIVE;
				GCC_WARN_UNUSED_FUNCTION = YES;
				GCC_WARN_UNUSED_VARIABLE = YES;
				IPHONEOS_DEPLOYMENT_TARGET = 8.1;
				MTL_ENABLE_DEBUG_INFO = NO;
				SDKROOT = iphoneos;
				TARGETED_DEVICE_FAMILY = "1,2";
				VALIDATE_PRODUCT = YES;
			};
			name = Release;
		};
		9858AD5A1AAFB671005E3583 /* Debug */ = {
			isa = XCBuildConfiguration;
			buildSettings = {
				ASSETCATALOG_COMPILER_APPICON_NAME = AppIcon;
				INFOPLIST_FILE = TableDemo02/Info.plist;
				LD_RUNPATH_SEARCH_PATHS = "$(inherited) @executable_path/Frameworks";
				PRODUCT_NAME = "$(TARGET_NAME)";
			};
			name = Debug;
		};
		9858AD5B1AAFB671005E3583 /* Release */ = {
			isa = XCBuildConfiguration;
			buildSettings = {
				ASSETCATALOG_COMPILER_APPICON_NAME = AppIcon;
				INFOPLIST_FILE = TableDemo02/Info.plist;
				LD_RUNPATH_SEARCH_PATHS = "$(inherited) @executable_path/Frameworks";
				PRODUCT_NAME = "$(TARGET_NAME)";
			};
			name = Release;
		};
		9858AD5D1AAFB671005E3583 /* Debug */ = {
			isa = XCBuildConfiguration;
			buildSettings = {
				BUNDLE_LOADER = "$(TEST_HOST)";
				FRAMEWORK_SEARCH_PATHS = (
					"$(SDKROOT)/Developer/Library/Frameworks",
					"$(inherited)",
				);
				GCC_PREPROCESSOR_DEFINITIONS = (
					"DEBUG=1",
					"$(inherited)",
				);
				INFOPLIST_FILE = TableDemo02Tests/Info.plist;
				LD_RUNPATH_SEARCH_PATHS = "$(inherited) @executable_path/Frameworks @loader_path/Frameworks";
				PRODUCT_NAME = "$(TARGET_NAME)";
				TEST_HOST = "$(BUILT_PRODUCTS_DIR)/TableDemo02.app/TableDemo02";
			};
			name = Debug;
		};
		9858AD5E1AAFB671005E3583 /* Release */ = {
			isa = XCBuildConfiguration;
			buildSettings = {
				BUNDLE_LOADER = "$(TEST_HOST)";
				FRAMEWORK_SEARCH_PATHS = (
					"$(SDKROOT)/Developer/Library/Frameworks",
					"$(inherited)",
				);
				INFOPLIST_FILE = TableDemo02Tests/Info.plist;
				LD_RUNPATH_SEARCH_PATHS = "$(inherited) @executable_path/Frameworks @loader_path/Frameworks";
				PRODUCT_NAME = "$(TARGET_NAME)";
				TEST_HOST = "$(BUILT_PRODUCTS_DIR)/TableDemo02.app/TableDemo02";
			};
			name = Release;
		};
/* End XCBuildConfiguration section */

/* Begin XCConfigurationList section */
		9858AD351AAFB671005E3583 /* Build configuration list for PBXProject "TableDemo02" */ = {
			isa = XCConfigurationList;
			buildConfigurations = (
				9858AD571AAFB671005E3583 /* Debug */,
				9858AD581AAFB671005E3583 /* Release */,
			);
			defaultConfigurationIsVisible = 0;
			defaultConfigurationName = Release;
		};
		9858AD591AAFB671005E3583 /* Build configuration list for PBXNativeTarget "TableDemo02" */ = {
			isa = XCConfigurationList;
			buildConfigurations = (
				9858AD5A1AAFB671005E3583 /* Debug */,
				9858AD5B1AAFB671005E3583 /* Release */,
			);
			defaultConfigurationIsVisible = 0;
			defaultConfigurationName = Release;
		};
		9858AD5C1AAFB671005E3583 /* Build configuration list for PBXNativeTarget "TableDemo02Tests" */ = {
			isa = XCConfigurationList;
			buildConfigurations = (
				9858AD5D1AAFB671005E3583 /* Debug */,
				9858AD5E1AAFB671005E3583 /* Release */,
			);
			defaultConfigurationIsVisible = 0;
			defaultConfigurationName = Release;
		};
/* End XCConfigurationList section */
	};
	rootObject = 9858AD321AAFB671005E3583 /* Project object */;
}
