// !$*UTF8*$!
{
	archiveVersion = 1;
	classes = {
	};
	objectVersion = 46;
	objects = {

/* Begin PBXBuildFile section */
		98C0854D1AAFADCB0021DD41 /* AppDelegate.swift in Sources */ = {isa = PBXBuildFile; fileRef = 98C0854C1AAFADCB0021DD41 /* AppDelegate.swift */; };
		98C0854F1AAFADCB0021DD41 /* ViewController.swift in Sources */ = {isa = PBXBuildFile; fileRef = 98C0854E1AAFADCB0021DD41 /* ViewController.swift */; };
		98C085521AAFADCB0021DD41 /* Main.storyboard in Resources */ = {isa = PBXBuildFile; fileRef = 98C085501AAFADCB0021DD41 /* Main.storyboard */; };
		98C085541AAFADCB0021DD41 /* Images.xcassets in Resources */ = {isa = PBXBuildFile; fileRef = 98C085531AAFADCB0021DD41 /* Images.xcassets */; };
		98C085571AAFADCB0021DD41 /* LaunchScreen.xib in Resources */ = {isa = PBXBuildFile; fileRef = 98C085551AAFADCB0021DD41 /* LaunchScreen.xib */; };
		98C085631AAFADCB0021DD41 /* TableDemoTests.swift in Sources */ = {isa = PBXBuildFile; fileRef = 98C085621AAFADCB0021DD41 /* TableDemoTests.swift */; };
		98C0856D1AAFAE9E0021DD41 /* MyTableViewController.swift in Sources */ = {isa = PBXBuildFile; fileRef = 98C0856C1AAFAE9E0021DD41 /* MyTableViewController.swift */; };
/* End PBXBuildFile section */

/* Begin PBXContainerItemProxy section */
		98C0855D1AAFADCB0021DD41 /* PBXContainerItemProxy */ = {
			isa = PBXContainerItemProxy;
			containerPortal = 98C0853F1AAFADCB0021DD41 /* Project object */;
			proxyType = 1;
			remoteGlobalIDString = 98C085461AAFADCB0021DD41;
			remoteInfo = TableDemo;
		};
/* End PBXContainerItemProxy section */

/* Begin PBXFileReference section */
		98C085471AAFADCB0021DD41 /* TableDemo.app */ = {isa = PBXFileReference; explicitFileType = wrapper.application; includeInIndex = 0; path = TableDemo.app; sourceTree = BUILT_PRODUCTS_DIR; };
		98C0854B1AAFADCB0021DD41 /* Info.plist */ = {isa = PBXFileReference; lastKnownFileType = text.plist.xml; path = Info.plist; sourceTree = "<group>"; };
		98C0854C1AAFADCB0021DD41 /* AppDelegate.swift */ = {isa = PBXFileReference; lastKnownFileType = sourcecode.swift; path = AppDelegate.swift; sourceTree = "<group>"; };
		98C0854E1AAFADCB0021DD41 /* ViewController.swift */ = {isa = PBXFileReference; lastKnownFileType = sourcecode.swift; path = ViewController.swift; sourceTree = "<group>"; };
		98C085511AAFADCB0021DD41 /* Base */ = {isa = PBXFileReference; lastKnownFileType = file.storyboard; name = Base; path = Base.lproj/Main.storyboard; sourceTree = "<group>"; };
		98C085531AAFADCB0021DD41 /* Images.xcassets */ = {isa = PBXFileReference; lastKnownFileType = folder.assetcatalog; path = Images.xcassets; sourceTree = "<group>"; };
		98C085561AAFADCB0021DD41 /* Base */ = {isa = PBXFileReference; lastKnownFileType = file.xib; name = Base; path = Base.lproj/LaunchScreen.xib; sourceTree = "<group>"; };
		98C0855C1AAFADCB0021DD41 /* TableDemoTests.xctest */ = {isa = PBXFileReference; explicitFileType = wrapper.cfbundle; includeInIndex = 0; path = TableDemoTests.xctest; sourceTree = BUILT_PRODUCTS_DIR; };
		98C085611AAFADCB0021DD41 /* Info.plist */ = {isa = PBXFileReference; lastKnownFileType = text.plist.xml; path = Info.plist; sourceTree = "<group>"; };
		98C085621AAFADCB0021DD41 /* TableDemoTests.swift */ = {isa = PBXFileReference; lastKnownFileType = sourcecode.swift; path = TableDemoTests.swift; sourceTree = "<group>"; };
		98C0856C1AAFAE9E0021DD41 /* MyTableViewController.swift */ = {isa = PBXFileReference; fileEncoding = 4; lastKnownFileType = sourcecode.swift; path = MyTableViewController.swift; sourceTree = "<group>"; };
/* End PBXFileReference section */

/* Begin PBXFrameworksBuildPhase section */
		98C085441AAFADCB0021DD41 /* Frameworks */ = {
			isa = PBXFrameworksBuildPhase;
			buildActionMask = 2147483647;
			files = (
			);
			runOnlyForDeploymentPostprocessing = 0;
		};
		98C085591AAFADCB0021DD41 /* Frameworks */ = {
			isa = PBXFrameworksBuildPhase;
			buildActionMask = 2147483647;
			files = (
			);
			runOnlyForDeploymentPostprocessing = 0;
		};
/* End PBXFrameworksBuildPhase section */

/* Begin PBXGroup section */
		98C0853E1AAFADCB0021DD41 = {
			isa = PBXGroup;
			children = (
				98C085491AAFADCB0021DD41 /* TableDemo */,
				98C0855F1AAFADCB0021DD41 /* TableDemoTests */,
				98C085481AAFADCB0021DD41 /* Products */,
			);
			sourceTree = "<group>";
		};
		98C085481AAFADCB0021DD41 /* Products */ = {
			isa = PBXGroup;
			children = (
				98C085471AAFADCB0021DD41 /* TableDemo.app */,
				98C0855C1AAFADCB0021DD41 /* TableDemoTests.xctest */,
			);
			name = Products;
			sourceTree = "<group>";
		};
		98C085491AAFADCB0021DD41 /* TableDemo */ = {
			isa = PBXGroup;
			children = (
				98C0854C1AAFADCB0021DD41 /* AppDelegate.swift */,
				98C0854E1AAFADCB0021DD41 /* ViewController.swift */,
				98C085501AAFADCB0021DD41 /* Main.storyboard */,
				98C0856C1AAFAE9E0021DD41 /* MyTableViewController.swift */,
				98C085531AAFADCB0021DD41 /* Images.xcassets */,
				98C085551AAFADCB0021DD41 /* LaunchScreen.xib */,
				98C0854A1AAFADCB0021DD41 /* Supporting Files */,
			);
			path = TableDemo;
			sourceTree = "<group>";
		};
		98C0854A1AAFADCB0021DD41 /* Supporting Files */ = {
			isa = PBXGroup;
			children = (
				98C0854B1AAFADCB0021DD41 /* Info.plist */,
			);
			name = "Supporting Files";
			sourceTree = "<group>";
		};
		98C0855F1AAFADCB0021DD41 /* TableDemoTests */ = {
			isa = PBXGroup;
			children = (
				98C085621AAFADCB0021DD41 /* TableDemoTests.swift */,
				98C085601AAFADCB0021DD41 /* Supporting Files */,
			);
			path = TableDemoTests;
			sourceTree = "<group>";
		};
		98C085601AAFADCB0021DD41 /* Supporting Files */ = {
			isa = PBXGroup;
			children = (
				98C085611AAFADCB0021DD41 /* Info.plist */,
			);
			name = "Supporting Files";
			sourceTree = "<group>";
		};
/* End PBXGroup section */

/* Begin PBXNativeTarget section */
		98C085461AAFADCB0021DD41 /* TableDemo */ = {
			isa = PBXNativeTarget;
			buildConfigurationList = 98C085661AAFADCB0021DD41 /* Build configuration list for PBXNativeTarget "TableDemo" */;
			buildPhases = (
				98C085431AAFADCB0021DD41 /* Sources */,
				98C085441AAFADCB0021DD41 /* Frameworks */,
				98C085451AAFADCB0021DD41 /* Resources */,
			);
			buildRules = (
			);
			dependencies = (
			);
			name = TableDemo;
			productName = TableDemo;
			productReference = 98C085471AAFADCB0021DD41 /* TableDemo.app */;
			productType = "com.apple.product-type.application";
		};
		98C0855B1AAFADCB0021DD41 /* TableDemoTests */ = {
			isa = PBXNativeTarget;
			buildConfigurationList = 98C085691AAFADCB0021DD41 /* Build configuration list for PBXNativeTarget "TableDemoTests" */;
			buildPhases = (
				98C085581AAFADCB0021DD41 /* Sources */,
				98C085591AAFADCB0021DD41 /* Frameworks */,
				98C0855A1AAFADCB0021DD41 /* Resources */,
			);
			buildRules = (
			);
			dependencies = (
				98C0855E1AAFADCB0021DD41 /* PBXTargetDependency */,
			);
			name = TableDemoTests;
			productName = TableDemoTests;
			productReference = 98C0855C1AAFADCB0021DD41 /* TableDemoTests.xctest */;
			productType = "com.apple.product-type.bundle.unit-test";
		};
/* End PBXNativeTarget section */

/* Begin PBXProject section */
		98C0853F1AAFADCB0021DD41 /* Project object */ = {
			isa = PBXProject;
			attributes = {
				LastUpgradeCheck = 0610;
				ORGANIZATIONNAME = "Caitlin Osbahr";
				TargetAttributes = {
					98C085461AAFADCB0021DD41 = {
						CreatedOnToolsVersion = 6.1.1;
					};
					98C0855B1AAFADCB0021DD41 = {
						CreatedOnToolsVersion = 6.1.1;
						TestTargetID = 98C085461AAFADCB0021DD41;
					};
				};
			};
			buildConfigurationList = 98C085421AAFADCB0021DD41 /* Build configuration list for PBXProject "TableDemo" */;
			compatibilityVersion = "Xcode 3.2";
			developmentRegion = English;
			hasScannedForEncodings = 0;
			knownRegions = (
				en,
				Base,
			);
			mainGroup = 98C0853E1AAFADCB0021DD41;
			productRefGroup = 98C085481AAFADCB0021DD41 /* Products */;
			projectDirPath = "";
			projectRoot = "";
			targets = (
				98C085461AAFADCB0021DD41 /* TableDemo */,
				98C0855B1AAFADCB0021DD41 /* TableDemoTests */,
			);
		};
/* End PBXProject section */

/* Begin PBXResourcesBuildPhase section */
		98C085451AAFADCB0021DD41 /* Resources */ = {
			isa = PBXResourcesBuildPhase;
			buildActionMask = 2147483647;
			files = (
				98C085521AAFADCB0021DD41 /* Main.storyboard in Resources */,
				98C085571AAFADCB0021DD41 /* LaunchScreen.xib in Resources */,
				98C085541AAFADCB0021DD41 /* Images.xcassets in Resources */,
			);
			runOnlyForDeploymentPostprocessing = 0;
		};
		98C0855A1AAFADCB0021DD41 /* Resources */ = {
			isa = PBXResourcesBuildPhase;
			buildActionMask = 2147483647;
			files = (
			);
			runOnlyForDeploymentPostprocessing = 0;
		};
/* End PBXResourcesBuildPhase section */

/* Begin PBXSourcesBuildPhase section */
		98C085431AAFADCB0021DD41 /* Sources */ = {
			isa = PBXSourcesBuildPhase;
			buildActionMask = 2147483647;
			files = (
				98C0854F1AAFADCB0021DD41 /* ViewController.swift in Sources */,
				98C0856D1AAFAE9E0021DD41 /* MyTableViewController.swift in Sources */,
				98C0854D1AAFADCB0021DD41 /* AppDelegate.swift in Sources */,
			);
			runOnlyForDeploymentPostprocessing = 0;
		};
		98C085581AAFADCB0021DD41 /* Sources */ = {
			isa = PBXSourcesBuildPhase;
			buildActionMask = 2147483647;
			files = (
				98C085631AAFADCB0021DD41 /* TableDemoTests.swift in Sources */,
			);
			runOnlyForDeploymentPostprocessing = 0;
		};
/* End PBXSourcesBuildPhase section */

/* Begin PBXTargetDependency section */
		98C0855E1AAFADCB0021DD41 /* PBXTargetDependency */ = {
			isa = PBXTargetDependency;
			target = 98C085461AAFADCB0021DD41 /* TableDemo */;
			targetProxy = 98C0855D1AAFADCB0021DD41 /* PBXContainerItemProxy */;
		};
/* End PBXTargetDependency section */

/* Begin PBXVariantGroup section */
		98C085501AAFADCB0021DD41 /* Main.storyboard */ = {
			isa = PBXVariantGroup;
			children = (
				98C085511AAFADCB0021DD41 /* Base */,
			);
			name = Main.storyboard;
			sourceTree = "<group>";
		};
		98C085551AAFADCB0021DD41 /* LaunchScreen.xib */ = {
			isa = PBXVariantGroup;
			children = (
				98C085561AAFADCB0021DD41 /* Base */,
			);
			name = LaunchScreen.xib;
			sourceTree = "<group>";
		};
/* End PBXVariantGroup section */

/* Begin XCBuildConfiguration section */
		98C085641AAFADCB0021DD41 /* Debug */ = {
			isa = XCBuildConfiguration;
			buildSettings = {
				ALWAYS_SEARCH_USER_PATHS = NO;
				CLANG_CXX_LANGUAGE_STANDARD = "gnu++0x";
				CLANG_CXX_LIBRARY = "libc++";
				CLANG_ENABLE_MODULES = YES;
				CLANG_ENABLE_OBJC_ARC = YES;
				CLANG_WARN_BOOL_CONVERSION = YES;
				CLANG_WARN_CONSTANT_CONVERSION = YES;
				CLANG_WARN_DIRECT_OBJC_ISA_USAGE = YES_ERROR;
				CLANG_WARN_EMPTY_BODY = YES;
				CLANG_WARN_ENUM_CONVERSION = YES;
				CLANG_WARN_INT_CONVERSION = YES;
				CLANG_WARN_OBJC_ROOT_CLASS = YES_ERROR;
				CLANG_WARN_UNREACHABLE_CODE = YES;
				CLANG_WARN__DUPLICATE_METHOD_MATCH = YES;
				"CODE_SIGN_IDENTITY[sdk=iphoneos*]" = "iPhone Developer";
				COPY_PHASE_STRIP = NO;
				ENABLE_STRICT_OBJC_MSGSEND = YES;
				GCC_C_LANGUAGE_STANDARD = gnu99;
				GCC_DYNAMIC_NO_PIC = NO;
				GCC_OPTIMIZATION_LEVEL = 0;
				GCC_PREPROCESSOR_DEFINITIONS = (
					"DEBUG=1",
					"$(inherited)",
				);
				GCC_SYMBOLS_PRIVATE_EXTERN = NO;
				GCC_WARN_64_TO_32_BIT_CONVERSION = YES;
				GCC_WARN_ABOUT_RETURN_TYPE = YES_ERROR;
				GCC_WARN_UNDECLARED_SELECTOR = YES;
				GCC_WARN_UNINITIALIZED_AUTOS = YES_AGGRESSIVE;
				GCC_WARN_UNUSED_FUNCTION = YES;
				GCC_WARN_UNUSED_VARIABLE = YES;
				IPHONEOS_DEPLOYMENT_TARGET = 8.1;
				MTL_ENABLE_DEBUG_INFO = YES;
				ONLY_ACTIVE_ARCH = YES;
				SDKROOT = iphoneos;
				SWIFT_OPTIMIZATION_LEVEL = "-Onone";
				TARGETED_DEVICE_FAMILY = "1,2";
			};
			name = Debug;
		};
		98C085651AAFADCB0021DD41 /* Release */ = {
			isa = XCBuildConfiguration;
			buildSettings = {
				ALWAYS_SEARCH_USER_PATHS = NO;
				CLANG_CXX_LANGUAGE_STANDARD = "gnu++0x";
				CLANG_CXX_LIBRARY = "libc++";
				CLANG_ENABLE_MODULES = YES;
				CLANG_ENABLE_OBJC_ARC = YES;
				CLANG_WARN_BOOL_CONVERSION = YES;
				CLANG_WARN_CONSTANT_CONVERSION = YES;
				CLANG_WARN_DIRECT_OBJC_ISA_USAGE = YES_ERROR;
				CLANG_WARN_EMPTY_BODY = YES;
				CLANG_WARN_ENUM_CONVERSION = YES;
				CLANG_WARN_INT_CONVERSION = YES;
				CLANG_WARN_OBJC_ROOT_CLASS = YES_ERROR;
				CLANG_WARN_UNREACHABLE_CODE = YES;
				CLANG_WARN__DUPLICATE_METHOD_MATCH = YES;
				"CODE_SIGN_IDENTITY[sdk=iphoneos*]" = "iPhone Developer";
				COPY_PHASE_STRIP = YES;
				ENABLE_NS_ASSERTIONS = NO;
				ENABLE_STRICT_OBJC_MSGSEND = YES;
				GCC_C_LANGUAGE_STANDARD = gnu99;
				GCC_WARN_64_TO_32_BIT_CONVERSION = YES;
				GCC_WARN_ABOUT_RETURN_TYPE = YES_ERROR;
				GCC_WARN_UNDECLARED_SELECTOR = YES;
				GCC_WARN_UNINITIALIZED_AUTOS = YES_AGGRESSIVE;
				GCC_WARN_UNUSED_FUNCTION = YES;
				GCC_WARN_UNUSED_VARIABLE = YES;
				IPHONEOS_DEPLOYMENT_TARGET = 8.1;
				MTL_ENABLE_DEBUG_INFO = NO;
				SDKROOT = iphoneos;
				TARGETED_DEVICE_FAMILY = "1,2";
				VALIDATE_PRODUCT = YES;
			};
			name = Release;
		};
		98C085671AAFADCB0021DD41 /* Debug */ = {
			isa = XCBuildConfiguration;
			buildSettings = {
				ASSETCATALOG_COMPILER_APPICON_NAME = AppIcon;
				INFOPLIST_FILE = TableDemo/Info.plist;
				LD_RUNPATH_SEARCH_PATHS = "$(inherited) @executable_path/Frameworks";
				PRODUCT_NAME = "$(TARGET_NAME)";
			};
			name = Debug;
		};
		98C085681AAFADCB0021DD41 /* Release */ = {
			isa = XCBuildConfiguration;
			buildSettings = {
				ASSETCATALOG_COMPILER_APPICON_NAME = AppIcon;
				INFOPLIST_FILE = TableDemo/Info.plist;
				LD_RUNPATH_SEARCH_PATHS = "$(inherited) @executable_path/Frameworks";
				PRODUCT_NAME = "$(TARGET_NAME)";
			};
			name = Release;
		};
		98C0856A1AAFADCB0021DD41 /* Debug */ = {
			isa = XCBuildConfiguration;
			buildSettings = {
				BUNDLE_LOADER = "$(TEST_HOST)";
				FRAMEWORK_SEARCH_PATHS = (
					"$(SDKROOT)/Developer/Library/Frameworks",
					"$(inherited)",
				);
				GCC_PREPROCESSOR_DEFINITIONS = (
					"DEBUG=1",
					"$(inherited)",
				);
				INFOPLIST_FILE = TableDemoTests/Info.plist;
				LD_RUNPATH_SEARCH_PATHS = "$(inherited) @executable_path/Frameworks @loader_path/Frameworks";
				PRODUCT_NAME = "$(TARGET_NAME)";
				TEST_HOST = "$(BUILT_PRODUCTS_DIR)/TableDemo.app/TableDemo";
			};
			name = Debug;
		};
		98C0856B1AAFADCB0021DD41 /* Release */ = {
			isa = XCBuildConfiguration;
			buildSettings = {
				BUNDLE_LOADER = "$(TEST_HOST)";
				FRAMEWORK_SEARCH_PATHS = (
					"$(SDKROOT)/Developer/Library/Frameworks",
					"$(inherited)",
				);
				INFOPLIST_FILE = TableDemoTests/Info.plist;
				LD_RUNPATH_SEARCH_PATHS = "$(inherited) @executable_path/Frameworks @loader_path/Frameworks";
				PRODUCT_NAME = "$(TARGET_NAME)";
				TEST_HOST = "$(BUILT_PRODUCTS_DIR)/TableDemo.app/TableDemo";
			};
			name = Release;
		};
/* End XCBuildConfiguration section */

/* Begin XCConfigurationList section */
		98C085421AAFADCB0021DD41 /* Build configuration list for PBXProject "TableDemo" */ = {
			isa = XCConfigurationList;
			buildConfigurations = (
				98C085641AAFADCB0021DD41 /* Debug */,
				98C085651AAFADCB0021DD41 /* Release */,
			);
			defaultConfigurationIsVisible = 0;
			defaultConfigurationName = Release;
		};
		98C085661AAFADCB0021DD41 /* Build configuration list for PBXNativeTarget "TableDemo" */ = {
			isa = XCConfigurationList;
			buildConfigurations = (
				98C085671AAFADCB0021DD41 /* Debug */,
				98C085681AAFADCB0021DD41 /* Release */,
			);
			defaultConfigurationIsVisible = 0;
		};
		98C085691AAFADCB0021DD41 /* Build configuration list for PBXNativeTarget "TableDemoTests" */ = {
			isa = XCConfigurationList;
			buildConfigurations = (
				98C0856A1AAFADCB0021DD41 /* Debug */,
				98C0856B1AAFADCB0021DD41 /* Release */,
			);
			defaultConfigurationIsVisible = 0;
		};
/* End XCConfigurationList section */
	};
	rootObject = 98C0853F1AAFADCB0021DD41 /* Project object */;
}
